
Microsoft Visual Studio Solution File, Format Version 12.00
Project("{FAE04EC0-301F-11D3-BF4B-00C04F79EFBC}") = "GenericModule", "GenericModule\GenericModule.csproj", "{A106A8DB-C808-46FE-BB17-4CC26B9BBE9A}"
EndProject
Project("{FAE04EC0-301F-11D3-BF4B-00C04F79EFBC}") = "CandorCore", "CandorCore\CandorCore.csproj", "{F275B83D-50FA-4694-A31B-9D04D01EAFAD}"
EndProject
Project("{FAE04EC0-301F-11D3-BF4B-00C04F79EFBC}") = "CandorWindow", "CandorWindow\CandorWindow.csproj", "{D9234D03-B622-4FC0-AF1B-2ED978C2F4C2}"
EndProject
Global
	GlobalSection(SolutionConfigurationPlatforms) = preSolution
		Debug|Any CPU = Debug|Any CPU
		Release|Any CPU = Release|Any CPU
	EndGlobalSection
	GlobalSection(ProjectConfigurationPlatforms) = postSolution
		{A106A8DB-C808-46FE-BB17-4CC26B9BBE9A}.Debug|Any CPU.ActiveCfg = Debug|Any CPU
		{A106A8DB-C808-46FE-BB17-4CC26B9BBE9A}.Debug|Any CPU.Build.0 = Debug|Any CPU
		{A106A8DB-C808-46FE-BB17-4CC26B9BBE9A}.Release|Any CPU.ActiveCfg = Release|Any CPU
		{A106A8DB-C808-46FE-BB17-4CC26B9BBE9A}.Release|Any CPU.Build.0 = Release|Any CPU
		{F275B83D-50FA-4694-A31B-9D04D01EAFAD}.Debug|Any CPU.ActiveCfg = Debug|Any CPU
		{F275B83D-50FA-4694-A31B-9D04D01EAFAD}.Debug|Any CPU.Build.0 = Debug|Any CPU
		{F275B83D-50FA-4694-A31B-9D04D01EAFAD}.Release|Any CPU.ActiveCfg = Release|Any CPU
		{F275B83D-50FA-4694-A31B-9D04D01EAFAD}.Release|Any CPU.Build.0 = Release|Any CPU
		{D9234D03-B622-4FC0-AF1B-2ED978C2F4C2}.Debug|Any CPU.ActiveCfg = Debug|Any CPU
		{D9234D03-B622-4FC0-AF1B-2ED978C2F4C2}.Debug|Any CPU.Build.0 = Debug|Any CPU
		{D9234D03-B622-4FC0-AF1B-2ED978C2F4C2}.Release|Any CPU.ActiveCfg = Release|Any CPU
		{D9234D03-B622-4FC0-AF1B-2ED978C2F4C2}.Release|Any CPU.Build.0 = Release|Any CPU
	EndGlobalSection
EndGlobal
